
Microsoft Visual Studio Solution File, Format Version 12.00
# Visual Studio Version 17
VisualStudioVersion = 17.8.34511.84
MinimumVisualStudioVersion = 10.0.40219.1
Project("{9A19103F-16F7-4668-BE54-9A1E7A4F7556}") = "eCommerce", "eCommerce.csproj", "{1520E969-EF96-4DCF-A05A-86738AB00C61}"
EndProject
Project("{FAE04EC0-301F-11D3-BF4B-00C04F79EFBC}") = "eCommerceClassLib", "..\eCommerceClassLib\eCommerceClassLib.csproj", "{0176DD8E-505D-449F-90F2-1F0C4B9C466C}"
EndProject
Global
	GlobalSection(SolutionConfigurationPlatforms) = preSolution
		Debug|Any CPU = Debug|Any CPU
		Release|Any CPU = Release|Any CPU
	EndGlobalSection
	GlobalSection(ProjectConfigurationPlatforms) = postSolution
		{1520E969-EF96-4DCF-A05A-86738AB00C61}.Debug|Any CPU.ActiveCfg = Debug|Any CPU
		{1520E969-EF96-4DCF-A05A-86738AB00C61}.Debug|Any CPU.Build.0 = Debug|Any CPU
		{1520E969-EF96-4DCF-A05A-86738AB00C61}.Release|Any CPU.ActiveCfg = Release|Any CPU
		{1520E969-EF96-4DCF-A05A-86738AB00C61}.Release|Any CPU.Build.0 = Release|Any CPU
		{0176DD8E-505D-449F-90F2-1F0C4B9C466C}.Debug|Any CPU.ActiveCfg = Debug|Any CPU
		{0176DD8E-505D-449F-90F2-1F0C4B9C466C}.Debug|Any CPU.Build.0 = Debug|Any CPU
		{0176DD8E-505D-449F-90F2-1F0C4B9C466C}.Release|Any CPU.ActiveCfg = Release|Any CPU
		{0176DD8E-505D-449F-90F2-1F0C4B9C466C}.Release|Any CPU.Build.0 = Release|Any CPU
	EndGlobalSection
	GlobalSection(SolutionProperties) = preSolution
		HideSolutionNode = FALSE
	EndGlobalSection
	GlobalSection(ExtensibilityGlobals) = postSolution
		SolutionGuid = {0BFAA15A-E355-4958-9CDC-87918128DBC2}
	EndGlobalSection
EndGlobal
